
Microsoft Visual Studio Solution File, Format Version 12.00
# Visual Studio Version 17
VisualStudioVersion = 17.14.36717.8 d17.14
MinimumVisualStudioVersion = 10.0.40219.1
Project("{FAE04EC0-301F-11D3-BF4B-00C04F79EFBC}") = "F25W11WeatherAppDemo", "F25W11WeatherAppDemo\F25W11WeatherAppDemo.csproj", "{7766ED74-3FFA-4664-BFB5-C06E847E8060}"
EndProject
Global
	GlobalSection(SolutionConfigurationPlatforms) = preSolution
		Debug|Any CPU = Debug|Any CPU
		Release|Any CPU = Release|Any CPU
	EndGlobalSection
	GlobalSection(ProjectConfigurationPlatforms) = postSolution
		{7766ED74-3FFA-4664-BFB5-C06E847E8060}.Debug|Any CPU.ActiveCfg = Debug|Any CPU
		{7766ED74-3FFA-4664-BFB5-C06E847E8060}.Debug|Any CPU.Build.0 = Debug|Any CPU
		{7766ED74-3FFA-4664-BFB5-C06E847E8060}.Release|Any CPU.ActiveCfg = Release|Any CPU
		{7766ED74-3FFA-4664-BFB5-C06E847E8060}.Release|Any CPU.Build.0 = Release|Any CPU
	EndGlobalSection
	GlobalSection(SolutionProperties) = preSolution
		HideSolutionNode = FALSE
	EndGlobalSection
	GlobalSection(ExtensibilityGlobals) = postSolution
		SolutionGuid = {91719AD8-CD34-40D1-AA4C-A94384AB22B2}
	EndGlobalSection
EndGlobal
